
Microsoft Visual Studio Solution File, Format Version 12.00
# Visual Studio 15
VisualStudioVersion = 15.0.28010.2036
MinimumVisualStudioVersion = 10.0.40219.1
Project("{9A19103F-16F7-4668-BE54-9A1E7A4F7556}") = "HelloWorldMvc", "HelloWorldMvc\HelloWorldMvc.csproj", "{103462AD-D551-456C-808B-906665BB564A}"
EndProject
Project("{FAE04EC0-301F-11D3-BF4B-00C04F79EFBC}") = "UnitTest", "UnitTest\UnitTest.csproj", "{7164FA64-0E38-4C59-9BBF-E0D39543674B}"
EndProject
Global
	GlobalSection(SolutionConfigurationPlatforms) = preSolution
		Debug|Any CPU = Debug|Any CPU
		Release|Any CPU = Release|Any CPU
	EndGlobalSection
	GlobalSection(ProjectConfigurationPlatforms) = postSolution
		{103462AD-D551-456C-808B-906665BB564A}.Debug|Any CPU.ActiveCfg = Debug|Any CPU
		{103462AD-D551-456C-808B-906665BB564A}.Debug|Any CPU.Build.0 = Debug|Any CPU
		{103462AD-D551-456C-808B-906665BB564A}.Release|Any CPU.ActiveCfg = Release|Any CPU
		{103462AD-D551-456C-808B-906665BB564A}.Release|Any CPU.Build.0 = Release|Any CPU
		{7164FA64-0E38-4C59-9BBF-E0D39543674B}.Debug|Any CPU.ActiveCfg = Debug|Any CPU
		{7164FA64-0E38-4C59-9BBF-E0D39543674B}.Debug|Any CPU.Build.0 = Debug|Any CPU
		{7164FA64-0E38-4C59-9BBF-E0D39543674B}.Release|Any CPU.ActiveCfg = Release|Any CPU
		{7164FA64-0E38-4C59-9BBF-E0D39543674B}.Release|Any CPU.Build.0 = Release|Any CPU
	EndGlobalSection
	GlobalSection(SolutionProperties) = preSolution
		HideSolutionNode = FALSE
	EndGlobalSection
	GlobalSection(ExtensibilityGlobals) = postSolution
		SolutionGuid = {3918E15B-0A62-4532-9D65-554152136634}
	EndGlobalSection
EndGlobal
